
Microsoft Visual Studio Solution File, Format Version 12.00
# Visual Studio Version 16
VisualStudioVersion = 16.0.34729.46
MinimumVisualStudioVersion = 10.0.40219.1
Project("{FAE04EC0-301F-11D3-BF4B-00C04F79EFBC}") = "btlltweb", "btlltweb\btlltweb.csproj", "{468800B8-B041-4F33-BB71-0F0221612FE9}"
EndProject
Global
	GlobalSection(SolutionConfigurationPlatforms) = preSolution
		Debug|Any CPU = Debug|Any CPU
		Release|Any CPU = Release|Any CPU
	EndGlobalSection
	GlobalSection(ProjectConfigurationPlatforms) = postSolution
		{468800B8-B041-4F33-BB71-0F0221612FE9}.Debug|Any CPU.ActiveCfg = Debug|Any CPU
		{468800B8-B041-4F33-BB71-0F0221612FE9}.Debug|Any CPU.Build.0 = Debug|Any CPU
		{468800B8-B041-4F33-BB71-0F0221612FE9}.Release|Any CPU.ActiveCfg = Release|Any CPU
		{468800B8-B041-4F33-BB71-0F0221612FE9}.Release|Any CPU.Build.0 = Release|Any CPU
	EndGlobalSection
	GlobalSection(SolutionProperties) = preSolution
		HideSolutionNode = FALSE
	EndGlobalSection
	GlobalSection(ExtensibilityGlobals) = postSolution
		SolutionGuid = {EB7D40B0-FFB6-4FED-A4C6-9434E169D302}
	EndGlobalSection
EndGlobal
